
Microsoft Visual Studio Solution File, Format Version 12.00
# Visual Studio Version 16
VisualStudioVersion = 16.0.30717.126
MinimumVisualStudioVersion = 10.0.40219.1
Project("{9A19103F-16F7-4668-BE54-9A1E7A4F7556}") = "MiniMq", "MiniMq\MiniMq.csproj", "{80EECF58-B010-4D09-90AD-8739C5F2C7BE}"
EndProject
Project("{FAE04EC0-301F-11D3-BF4B-00C04F79EFBC}") = "IMiniMq", "IMiniMq\IMiniMq.csproj", "{2ED38450-FF29-441E-AB7D-5C4E9C61B930}"
EndProject
Project("{FAE04EC0-301F-11D3-BF4B-00C04F79EFBC}") = "MiniMqCore", "MiniMqCore\MiniMqCore.csproj", "{F9829C60-FBA5-47D0-A17E-177BA1AEB1C3}"
EndProject
Global
	GlobalSection(SolutionConfigurationPlatforms) = preSolution
		Debug|Any CPU = Debug|Any CPU
		Release|Any CPU = Release|Any CPU
	EndGlobalSection
	GlobalSection(ProjectConfigurationPlatforms) = postSolution
		{80EECF58-B010-4D09-90AD-8739C5F2C7BE}.Debug|Any CPU.ActiveCfg = Debug|Any CPU
		{80EECF58-B010-4D09-90AD-8739C5F2C7BE}.Debug|Any CPU.Build.0 = Debug|Any CPU
		{80EECF58-B010-4D09-90AD-8739C5F2C7BE}.Release|Any CPU.ActiveCfg = Release|Any CPU
		{80EECF58-B010-4D09-90AD-8739C5F2C7BE}.Release|Any CPU.Build.0 = Release|Any CPU
		{2ED38450-FF29-441E-AB7D-5C4E9C61B930}.Debug|Any CPU.ActiveCfg = Debug|Any CPU
		{2ED38450-FF29-441E-AB7D-5C4E9C61B930}.Debug|Any CPU.Build.0 = Debug|Any CPU
		{2ED38450-FF29-441E-AB7D-5C4E9C61B930}.Release|Any CPU.ActiveCfg = Release|Any CPU
		{2ED38450-FF29-441E-AB7D-5C4E9C61B930}.Release|Any CPU.Build.0 = Release|Any CPU
		{F9829C60-FBA5-47D0-A17E-177BA1AEB1C3}.Debug|Any CPU.ActiveCfg = Debug|Any CPU
		{F9829C60-FBA5-47D0-A17E-177BA1AEB1C3}.Debug|Any CPU.Build.0 = Debug|Any CPU
		{F9829C60-FBA5-47D0-A17E-177BA1AEB1C3}.Release|Any CPU.ActiveCfg = Release|Any CPU
		{F9829C60-FBA5-47D0-A17E-177BA1AEB1C3}.Release|Any CPU.Build.0 = Release|Any CPU
	EndGlobalSection
	GlobalSection(SolutionProperties) = preSolution
		HideSolutionNode = FALSE
	EndGlobalSection
	GlobalSection(ExtensibilityGlobals) = postSolution
		SolutionGuid = {D87D6162-4365-4C30-AE64-6B500D17B685}
	EndGlobalSection
EndGlobal
